lockfileVersion: 5.3

specifiers:
  '@dna2.0/utils': workspace:^0.1.0
  axios: ^0.21.0

dependencies:
  '@dna2.0/utils': link:../utils
  axios: 0.21.4

packages:

  /axios/0.21.4:
    resolution: {integrity: sha512-ut5vewkiu8jjGBdqpM44XxjuCjq9LAKeHVmoVfHVzy8eHgxxq8SbAVQNovDA8mVi05kP0Ea/n/UzcSHcTJQfNg==}
    dependencies:
      follow-redirects: 1.14.5
    transitivePeerDependencies:
      - debug
    dev: false

  /follow-redirects/1.14.5:
    resolution: {integrity: sha512-wtphSXy7d4/OR+MvIFbCVBDzZ5520qV8XfPklSN5QtxuMUJZ+b0Wnst1e1lCDocfzuCkHqj8k0FpZqO+UIaKNA==}
    engines: {node: '>=4.0'}
    peerDependencies:
      debug: '*'
    peerDependenciesMeta:
      debug:
        optional: true
    dev: false
